
Microsoft Visual Studio Solution File, Format Version 12.00
# Visual Studio Version 17
VisualStudioVersion = 17.7.34031.279
MinimumVisualStudioVersion = 10.0.40219.1
Project("{FAE04EC0-301F-11D3-BF4B-00C04F79EFBC}") = "Practical lesson No. 28", "Practical lesson No. 28.csproj", "{46C42E34-A09F-4556-B058-728DFCA0BB2C}"
EndProject
Global
	GlobalSection(SolutionConfigurationPlatforms) = preSolution
		Debug|Any CPU = Debug|Any CPU
		Release|Any CPU = Release|Any CPU
	EndGlobalSection
	GlobalSection(ProjectConfigurationPlatforms) = postSolution
		{46C42E34-A09F-4556-B058-728DFCA0BB2C}.Debug|Any CPU.ActiveCfg = Debug|Any CPU
		{46C42E34-A09F-4556-B058-728DFCA0BB2C}.Debug|Any CPU.Build.0 = Debug|Any CPU
		{46C42E34-A09F-4556-B058-728DFCA0BB2C}.Release|Any CPU.ActiveCfg = Release|Any CPU
		{46C42E34-A09F-4556-B058-728DFCA0BB2C}.Release|Any CPU.Build.0 = Release|Any CPU
	EndGlobalSection
	GlobalSection(SolutionProperties) = preSolution
		HideSolutionNode = FALSE
	EndGlobalSection
	GlobalSection(ExtensibilityGlobals) = postSolution
		SolutionGuid = {74BF9317-DD5A-4CEB-9B0F-4E40931548AF}
	EndGlobalSection
EndGlobal
